
Microsoft Visual Studio Solution File, Format Version 12.00
# Visual Studio Version 16
VisualStudioVersion = 16.0.29201.188
MinimumVisualStudioVersion = 10.0.40219.1
Project("{FAE04EC0-301F-11D3-BF4B-00C04F79EFBC}") = "ShandalarImageToolbox", "ShandalarImageToolbox\ShandalarImageToolbox.csproj", "{5ADEBD2B-0391-44AB-9484-63A427C957D6}"
EndProject
Global
	GlobalSection(SolutionConfigurationPlatforms) = preSolution
		Debug|Any CPU = Debug|Any CPU
		Release|Any CPU = Release|Any CPU
	EndGlobalSection
	GlobalSection(ProjectConfigurationPlatforms) = postSolution
		{5ADEBD2B-0391-44AB-9484-63A427C957D6}.Debug|Any CPU.ActiveCfg = Debug|Any CPU
		{5ADEBD2B-0391-44AB-9484-63A427C957D6}.Debug|Any CPU.Build.0 = Debug|Any CPU
		{5ADEBD2B-0391-44AB-9484-63A427C957D6}.Release|Any CPU.ActiveCfg = Release|Any CPU
		{5ADEBD2B-0391-44AB-9484-63A427C957D6}.Release|Any CPU.Build.0 = Release|Any CPU
	EndGlobalSection
	GlobalSection(SolutionProperties) = preSolution
		HideSolutionNode = FALSE
	EndGlobalSection
	GlobalSection(ExtensibilityGlobals) = postSolution
		SolutionGuid = {F93511BB-D92C-482E-8447-1AFEF28D7623}
	EndGlobalSection
EndGlobal
